Microsoft Visual Studio Solution File, Format Version 12.00
# Visual Studio Version 16
VisualStudioVersion = 16.0.29920.165
MinimumVisualStudioVersion = 15.0.26124.0
Project("{D954291E-2A0B-460D-934E-DC6B0785DB48}") = "NewApp.Shared", "NewApp.Shared\NewApp.Shared.shproj", "{6279C845-92F8-4333-AB99-3D213163593C}"
EndProject
Project("{FAE04EC0-301F-11D3-BF4B-00C04F79EFBC}") = "NewApp.Droid", "NewApp.Droid\NewApp.Droid.csproj", "{D1BE1B8A-CE7C-4DB7-A27E-39F7E64A496E}"
EndProject
Project("{FAE04EC0-301F-11D3-BF4B-00C04F79EFBC}") = "NewApp.iOS", "NewApp.iOS\NewApp.iOS.csproj", "{A0B7DF4C-0271-4E1B-AA49-3561E06B72EA}"
EndProject
Project("{FAE04EC0-301F-11D3-BF4B-00C04F79EFBC}") = "NewApp.Uwp", "NewApp.UWP\NewApp.Uwp.csproj", "{86777549-F081-4A6B-A990-B310CAB3739E}"
EndProject
Project("{9A19103F-16F7-4668-BE54-9A1E7A4F7556}") = "NewApp.Wasm", "NewApp.Wasm\NewApp.Wasm.csproj", "{40EA03F7-8A22-4143-B251-79BAC3EB13D2}"
EndProject
Project("{FAE04EC0-301F-11D3-BF4B-00C04F79EFBC}") = "NewApp.macOS", "NewApp.macOS\NewApp.macOS.csproj", "{D859F4B3-F5ED-4292-83EE-83CB7F13C68F}"
EndProject
Project("{9A19103F-16F7-4668-BE54-9A1E7A4F7556}") = "NewApp.Skia.Gtk", "NewApp.Skia.Gtk\NewApp.Skia.Gtk.csproj", "{A5B8155A-118F-4794-B551-C6F3CF7E5411}"
EndProject
Project("{9A19103F-16F7-4668-BE54-9A1E7A4F7556}") = "NewApp.Skia.WPF", "NewApp.Skia.WPF\NewApp.Skia.WPF.csproj", "{641CB148-FB7B-4C23-B954-6DED5644916E}"
EndProject
Project("{9A19103F-16F7-4668-BE54-9A1E7A4F7556}") = "NewApp.Skia.Wpf.Host", "NewApp.Skia.WPF.Host\NewApp.Skia.Wpf.Host.csproj", "{6CF284A4-22B1-4F05-97F4-F095C07A598E}"
EndProject
Project("{9A19103F-16F7-4668-BE54-9A1E7A4F7556}") = "NewApp.Skia.Tizen", "NewApp.Skia.Tizen\NewApp.Skia.Tizen.csproj", "{9AED22A6-77DC-4799-BAE7-5F26F2070BD2}"
EndProject
Global
	GlobalSection(SharedMSBuildProjectFiles) = preSolution
		NewApp.Shared\NewApp.Shared.projitems*{40ea03f7-8a22-4143-b251-79bac3eb13d2}*SharedItemsImports = 5
		NewApp.Shared\NewApp.Shared.projitems*{6279c845-92f8-4333-ab99-3d213163593c}*SharedItemsImports = 13
		NewApp.Shared\NewApp.Shared.projitems*{641cb148-fb7b-4c23-b954-6ded5644916e}*SharedItemsImports = 5
		NewApp.Shared\NewApp.Shared.projitems*{86777549-f081-4a6b-a990-b310cab3739e}*SharedItemsImports = 4
		NewApp.Shared\NewApp.Shared.projitems*{9aed22a6-77dc-4799-bae7-5f26f2070bd2}*SharedItemsImports = 5
		NewApp.Shared\NewApp.Shared.projitems*{a0b7df4c-0271-4e1b-aa49-3561e06b72ea}*SharedItemsImports = 4
		NewApp.Shared\NewApp.Shared.projitems*{a5b8155a-118f-4794-b551-c6f3cf7e5411}*SharedItemsImports = 5
		NewApp.Shared\NewApp.Shared.projitems*{d1be1b8a-ce7c-4db7-a27e-39f7e64a496e}*SharedItemsImports = 4
		NewApp.Shared\NewApp.Shared.projitems*{d859f4b3-f5ed-4292-83ee-83cb7f13c68f}*SharedItemsImports = 4
	EndGlobalSection
	GlobalSection(SolutionConfigurationPlatforms) = preSolution
		Debug|Any CPU = Debug|Any CPU
		Debug|ARM = Debug|ARM
		Debug|ARM64 = Debug|ARM64
		Debug|iPhone = Debug|iPhone
		Debug|iPhoneSimulator = Debug|iPhoneSimulator
		Debug|x64 = Debug|x64
		Debug|x86 = Debug|x86
		Release|Any CPU = Release|Any CPU
		Release|ARM = Release|ARM
		Release|ARM64 = Release|ARM64
		Release|iPhone = Release|iPhone
		Release|iPhoneSimulator = Release|iPhoneSimulator
		Release|x64 = Release|x64
		Release|x86 = Release|x86
	EndGlobalSection
	GlobalSection(ProjectConfigurationPlatforms) = postSolution
		{D1BE1B8A-CE7C-4DB7-A27E-39F7E64A496E}.Debug|Any CPU.ActiveCfg = Debug|Any CPU
		{D1BE1B8A-CE7C-4DB7-A27E-39F7E64A496E}.Debug|Any CPU.Build.0 = Debug|Any CPU
		{D1BE1B8A-CE7C-4DB7-A27E-39F7E64A496E}.Debug|Any CPU.Deploy.0 = Debug|Any CPU
		{D1BE1B8A-CE7C-4DB7-A27E-39F7E64A496E}.Debug|ARM.ActiveCfg = Debug|Any CPU
		{D1BE1B8A-CE7C-4DB7-A27E-39F7E64A496E}.Debug|ARM.Build.0 = Debug|Any CPU
		{D1BE1B8A-CE7C-4DB7-A27E-39F7E64A496E}.Debug|ARM.Deploy.0 = Debug|Any CPU
		{D1BE1B8A-CE7C-4DB7-A27E-39F7E64A496E}.Debug|ARM64.ActiveCfg = Debug|Any CPU
		{D1BE1B8A-CE7C-4DB7-A27E-39F7E64A496E}.Debug|ARM64.Build.0 = Debug|Any CPU
		{D1BE1B8A-CE7C-4DB7-A27E-39F7E64A496E}.Debug|ARM64.Deploy.0 = Debug|Any CPU
		{D1BE1B8A-CE7C-4DB7-A27E-39F7E64A496E}.Debug|iPhone.ActiveCfg = Debug|Any CPU
		{D1BE1B8A-CE7C-4DB7-A27E-39F7E64A496E}.Debug|iPhone.Build.0 = Debug|Any CPU
		{D1BE1B8A-CE7C-4DB7-A27E-39F7E64A496E}.Debug|iPhone.Deploy.0 = Debug|Any CPU
		{D1BE1B8A-CE7C-4DB7-A27E-39F7E64A496E}.Debug|iPhoneSimulator.ActiveCfg = Debug|Any CPU
		{D1BE1B8A-CE7C-4DB7-A27E-39F7E64A496E}.Debug|iPhoneSimulator.Build.0 = Debug|Any CPU
		{D1BE1B8A-CE7C-4DB7-A27E-39F7E64A496E}.Debug|iPhoneSimulator.Deploy.0 = Debug|Any CPU
		{D1BE1B8A-CE7C-4DB7-A27E-39F7E64A496E}.Debug|x64.ActiveCfg = Debug|Any CPU
		{D1BE1B8A-CE7C-4DB7-A27E-39F7E64A496E}.Debug|x64.Build.0 = Debug|Any CPU
		{D1BE1B8A-CE7C-4DB7-A27E-39F7E64A496E}.Debug|x64.Deploy.0 = Debug|Any CPU
		{D1BE1B8A-CE7C-4DB7-A27E-39F7E64A496E}.Debug|x86.ActiveCfg = Debug|Any CPU
		{D1BE1B8A-CE7C-4DB7-A27E-39F7E64A496E}.Debug|x86.Build.0 = Debug|Any CPU
		{D1BE1B8A-CE7C-4DB7-A27E-39F7E64A496E}.Debug|x86.Deploy.0 = Debug|Any CPU
		{D1BE1B8A-CE7C-4DB7-A27E-39F7E64A496E}.Release|Any CPU.ActiveCfg = Release|Any CPU
		{D1BE1B8A-CE7C-4DB7-A27E-39F7E64A496E}.Release|Any CPU.Build.0 = Release|Any CPU
		{D1BE1B8A-CE7C-4DB7-A27E-39F7E64A496E}.Release|Any CPU.Deploy.0 = Release|Any CPU
		{D1BE1B8A-CE7C-4DB7-A27E-39F7E64A496E}.Release|ARM.ActiveCfg = Release|Any CPU
		{D1BE1B8A-CE7C-4DB7-A27E-39F7E64A496E}.Release|ARM.Build.0 = Release|Any CPU
		{D1BE1B8A-CE7C-4DB7-A27E-39F7E64A496E}.Release|ARM.Deploy.0 = Release|Any CPU
		{D1BE1B8A-CE7C-4DB7-A27E-39F7E64A496E}.Release|ARM64.ActiveCfg = Release|Any CPU
		{D1BE1B8A-CE7C-4DB7-A27E-39F7E64A496E}.Release|ARM64.Build.0 = Release|Any CPU
		{D1BE1B8A-CE7C-4DB7-A27E-39F7E64A496E}.Release|ARM64.Deploy.0 = Release|Any CPU
		{D1BE1B8A-CE7C-4DB7-A27E-39F7E64A496E}.Release|iPhone.ActiveCfg = Release|Any CPU
		{D1BE1B8A-CE7C-4DB7-A27E-39F7E64A496E}.Release|iPhone.Build.0 = Release|Any CPU
		{D1BE1B8A-CE7C-4DB7-A27E-39F7E64A496E}.Release|iPhone.Deploy.0 = Release|Any CPU
		{D1BE1B8A-CE7C-4DB7-A27E-39F7E64A496E}.Release|iPhoneSimulator.ActiveCfg = Release|Any CPU
		{D1BE1B8A-CE7C-4DB7-A27E-39F7E64A496E}.Release|iPhoneSimulator.Build.0 = Release|Any CPU
		{D1BE1B8A-CE7C-4DB7-A27E-39F7E64A496E}.Release|iPhoneSimulator.Deploy.0 = Release|Any CPU
		{D1BE1B8A-CE7C-4DB7-A27E-39F7E64A496E}.Release|x64.ActiveCfg = Release|Any CPU
		{D1BE1B8A-CE7C-4DB7-A27E-39F7E64A496E}.Release|x64.Build.0 = Release|Any CPU
		{D1BE1B8A-CE7C-4DB7-A27E-39F7E64A496E}.Release|x64.Deploy.0 = Release|Any CPU
		{D1BE1B8A-CE7C-4DB7-A27E-39F7E64A496E}.Release|x86.ActiveCfg = Release|Any CPU
		{D1BE1B8A-CE7C-4DB7-A27E-39F7E64A496E}.Release|x86.Build.0 = Release|Any CPU
		{D1BE1B8A-CE7C-4DB7-A27E-39F7E64A496E}.Release|x86.Deploy.0 = Release|Any CPU
		{A0B7DF4C-0271-4E1B-AA49-3561E06B72EA}.Debug|Any CPU.ActiveCfg = Debug|iPhone
		{A0B7DF4C-0271-4E1B-AA49-3561E06B72EA}.Debug|Any CPU.Build.0 = Debug|iPhone
		{A0B7DF4C-0271-4E1B-AA49-3561E06B72EA}.Debug|Any CPU.Deploy.0 = Debug|iPhone
		{A0B7DF4C-0271-4E1B-AA49-3561E06B72EA}.Debug|ARM.ActiveCfg = Debug|iPhone
		{A0B7DF4C-0271-4E1B-AA49-3561E06B72EA}.Debug|ARM64.ActiveCfg = Debug|iPhone
		{A0B7DF4C-0271-4E1B-AA49-3561E06B72EA}.Debug|iPhone.ActiveCfg = Debug|iPhone
		{A0B7DF4C-0271-4E1B-AA49-3561E06B72EA}.Debug|iPhone.Build.0 = Debug|iPhone
		{A0B7DF4C-0271-4E1B-AA49-3561E06B72EA}.Debug|iPhoneSimulator.ActiveCfg = Debug|iPhoneSimulator
		{A0B7DF4C-0271-4E1B-AA49-3561E06B72EA}.Debug|iPhoneSimulator.Build.0 = Debug|iPhoneSimulator
		{A0B7DF4C-0271-4E1B-AA49-3561E06B72EA}.Debug|x64.ActiveCfg = Debug|iPhone
		{A0B7DF4C-0271-4E1B-AA49-3561E06B72EA}.Debug|x64.Build.0 = Debug|iPhone
		{A0B7DF4C-0271-4E1B-AA49-3561E06B72EA}.Debug|x64.Deploy.0 = Debug|iPhone
		{A0B7DF4C-0271-4E1B-AA49-3561E06B72EA}.Debug|x86.ActiveCfg = Debug|iPhoneSimulator
		{A0B7DF4C-0271-4E1B-AA49-3561E06B72EA}.Debug|x86.Build.0 = Debug|iPhoneSimulator
		{A0B7DF4C-0271-4E1B-AA49-3561E06B72EA}.Debug|x86.Deploy.0 = Debug|iPhoneSimulator
		{A0B7DF4C-0271-4E1B-AA49-3561E06B72EA}.Release|Any CPU.ActiveCfg = Release|iPhone
		{A0B7DF4C-0271-4E1B-AA49-3561E06B72EA}.Release|ARM.ActiveCfg = Release|iPhone
		{A0B7DF4C-0271-4E1B-AA49-3561E06B72EA}.Release|ARM64.ActiveCfg = Release|iPhone
		{A0B7DF4C-0271-4E1B-AA49-3561E06B72EA}.Release|iPhone.ActiveCfg = Release|iPhone
		{A0B7DF4C-0271-4E1B-AA49-3561E06B72EA}.Release|iPhone.Build.0 = Release|iPhone
		{A0B7DF4C-0271-4E1B-AA49-3561E06B72EA}.Release|iPhoneSimulator.ActiveCfg = Release|iPhoneSimulator
		{A0B7DF4C-0271-4E1B-AA49-3561E06B72EA}.Release|iPhoneSimulator.Build.0 = Release|iPhoneSimulator
		{A0B7DF4C-0271-4E1B-AA49-3561E06B72EA}.Release|x64.ActiveCfg = Release|iPhoneSimulator
		{A0B7DF4C-0271-4E1B-AA49-3561E06B72EA}.Release|x64.Build.0 = Release|iPhoneSimulator
		{A0B7DF4C-0271-4E1B-AA49-3561E06B72EA}.Release|x64.Deploy.0 = Release|iPhoneSimulator
		{A0B7DF4C-0271-4E1B-AA49-3561E06B72EA}.Release|x86.ActiveCfg = Release|iPhoneSimulator
		{A0B7DF4C-0271-4E1B-AA49-3561E06B72EA}.Release|x86.Build.0 = Release|iPhoneSimulator
		{86777549-F081-4A6B-A990-B310CAB3739E}.Debug|Any CPU.ActiveCfg = Debug|x86
		{86777549-F081-4A6B-A990-B310CAB3739E}.Debug|Any CPU.Build.0 = Debug|x86
		{86777549-F081-4A6B-A990-B310CAB3739E}.Debug|Any CPU.Deploy.0 = Debug|x86
		{86777549-F081-4A6B-A990-B310CAB3739E}.Debug|ARM.ActiveCfg = Debug|ARM
		{86777549-F081-4A6B-A990-B310CAB3739E}.Debug|ARM.Build.0 = Debug|ARM
		{86777549-F081-4A6B-A990-B310CAB3739E}.Debug|ARM.Deploy.0 = Debug|ARM
		{86777549-F081-4A6B-A990-B310CAB3739E}.Debug|ARM64.ActiveCfg = Debug|ARM64
		{86777549-F081-4A6B-A990-B310CAB3739E}.Debug|ARM64.Build.0 = Debug|ARM64
		{86777549-F081-4A6B-A990-B310CAB3739E}.Debug|ARM64.Deploy.0 = Debug|ARM64
		{86777549-F081-4A6B-A990-B310CAB3739E}.Debug|iPhone.ActiveCfg = Debug|x86
		{86777549-F081-4A6B-A990-B310CAB3739E}.Debug|iPhone.Build.0 = Debug|x86
		{86777549-F081-4A6B-A990-B310CAB3739E}.Debug|iPhone.Deploy.0 = Debug|x86
		{86777549-F081-4A6B-A990-B310CAB3739E}.Debug|iPhoneSimulator.ActiveCfg = Debug|x86
		{86777549-F081-4A6B-A990-B310CAB3739E}.Debug|iPhoneSimulator.Build.0 = Debug|x86
		{86777549-F081-4A6B-A990-B310CAB3739E}.Debug|iPhoneSimulator.Deploy.0 = Debug|x86
		{86777549-F081-4A6B-A990-B310CAB3739E}.Debug|x64.ActiveCfg = Debug|x64
		{86777549-F081-4A6B-A990-B310CAB3739E}.Debug|x64.Build.0 = Debug|x64
		{86777549-F081-4A6B-A990-B310CAB3739E}.Debug|x64.Deploy.0 = Debug|x64
		{86777549-F081-4A6B-A990-B310CAB3739E}.Debug|x86.ActiveCfg = Debug|x86
		{86777549-F081-4A6B-A990-B310CAB3739E}.Debug|x86.Build.0 = Debug|x86
		{86777549-F081-4A6B-A990-B310CAB3739E}.Debug|x86.Deploy.0 = Debug|x86
		{86777549-F081-4A6B-A990-B310CAB3739E}.Release|Any CPU.ActiveCfg = Release|x86
		{86777549-F081-4A6B-A990-B310CAB3739E}.Release|ARM.ActiveCfg = Release|ARM
		{86777549-F081-4A6B-A990-B310CAB3739E}.Release|ARM.Build.0 = Release|ARM
		{86777549-F081-4A6B-A990-B310CAB3739E}.Release|ARM.Deploy.0 = Release|ARM
		{86777549-F081-4A6B-A990-B310CAB3739E}.Release|ARM64.ActiveCfg = Release|ARM64
		{86777549-F081-4A6B-A990-B310CAB3739E}.Release|ARM64.Build.0 = Release|ARM64
		{86777549-F081-4A6B-A990-B310CAB3739E}.Release|ARM64.Deploy.0 = Release|ARM64
		{86777549-F081-4A6B-A990-B310CAB3739E}.Release|iPhone.ActiveCfg = Release|x86
		{86777549-F081-4A6B-A990-B310CAB3739E}.Release|iPhone.Build.0 = Release|x86
		{86777549-F081-4A6B-A990-B310CAB3739E}.Release|iPhoneSimulator.ActiveCfg = Release|x86
		{86777549-F081-4A6B-A990-B310CAB3739E}.Release|iPhoneSimulator.Build.0 = Release|x86
		{86777549-F081-4A6B-A990-B310CAB3739E}.Release|iPhoneSimulator.Deploy.0 = Release|x86
		{86777549-F081-4A6B-A990-B310CAB3739E}.Release|x64.ActiveCfg = Release|x64
		{86777549-F081-4A6B-A990-B310CAB3739E}.Release|x64.Build.0 = Release|x64
		{86777549-F081-4A6B-A990-B310CAB3739E}.Release|x64.Deploy.0 = Release|x64
		{86777549-F081-4A6B-A990-B310CAB3739E}.Release|x86.ActiveCfg = Release|x86
		{86777549-F081-4A6B-A990-B310CAB3739E}.Release|x86.Build.0 = Release|x86
		{86777549-F081-4A6B-A990-B310CAB3739E}.Release|x86.Deploy.0 = Release|x86
		{40EA03F7-8A22-4143-B251-79BAC3EB13D2}.Debug|Any CPU.ActiveCfg = Debug|Any CPU
		{40EA03F7-8A22-4143-B251-79BAC3EB13D2}.Debug|Any CPU.Build.0 = Debug|Any CPU
		{40EA03F7-8A22-4143-B251-79BAC3EB13D2}.Debug|ARM.ActiveCfg = Debug|Any CPU
		{40EA03F7-8A22-4143-B251-79BAC3EB13D2}.Debug|ARM.Build.0 = Debug|Any CPU
		{40EA03F7-8A22-4143-B251-79BAC3EB13D2}.Debug|ARM64.ActiveCfg = Debug|Any CPU
		{40EA03F7-8A22-4143-B251-79BAC3EB13D2}.Debug|ARM64.Build.0 = Debug|Any CPU
		{40EA03F7-8A22-4143-B251-79BAC3EB13D2}.Debug|iPhone.ActiveCfg = Debug|Any CPU
		{40EA03F7-8A22-4143-B251-79BAC3EB13D2}.Debug|iPhone.Build.0 = Debug|Any CPU
		{40EA03F7-8A22-4143-B251-79BAC3EB13D2}.Debug|iPhoneSimulator.ActiveCfg = Debug|Any CPU
		{40EA03F7-8A22-4143-B251-79BAC3EB13D2}.Debug|iPhoneSimulator.Build.0 = Debug|Any CPU
		{40EA03F7-8A22-4143-B251-79BAC3EB13D2}.Debug|x64.ActiveCfg = Debug|Any CPU
		{40EA03F7-8A22-4143-B251-79BAC3EB13D2}.Debug|x64.Build.0 = Debug|Any CPU
		{40EA03F7-8A22-4143-B251-79BAC3EB13D2}.Debug|x86.ActiveCfg = Debug|Any CPU
		{40EA03F7-8A22-4143-B251-79BAC3EB13D2}.Debug|x86.Build.0 = Debug|Any CPU
		{40EA03F7-8A22-4143-B251-79BAC3EB13D2}.Release|Any CPU.ActiveCfg = Release|Any CPU
		{40EA03F7-8A22-4143-B251-79BAC3EB13D2}.Release|Any CPU.Build.0 = Release|Any CPU
		{40EA03F7-8A22-4143-B251-79BAC3EB13D2}.Release|ARM.ActiveCfg = Release|Any CPU
		{40EA03F7-8A22-4143-B251-79BAC3EB13D2}.Release|ARM.Build.0 = Release|Any CPU
		{40EA03F7-8A22-4143-B251-79BAC3EB13D2}.Release|ARM64.ActiveCfg = Release|Any CPU
		{40EA03F7-8A22-4143-B251-79BAC3EB13D2}.Release|ARM64.Build.0 = Release|Any CPU
		{40EA03F7-8A22-4143-B251-79BAC3EB13D2}.Release|iPhone.ActiveCfg = Release|Any CPU
		{40EA03F7-8A22-4143-B251-79BAC3EB13D2}.Release|iPhone.Build.0 = Release|Any CPU
		{40EA03F7-8A22-4143-B251-79BAC3EB13D2}.Release|iPhoneSimulator.ActiveCfg = Release|Any CPU
		{40EA03F7-8A22-4143-B251-79BAC3EB13D2}.Release|iPhoneSimulator.Build.0 = Release|Any CPU
		{40EA03F7-8A22-4143-B251-79BAC3EB13D2}.Release|x64.ActiveCfg = Release|Any CPU
		{40EA03F7-8A22-4143-B251-79BAC3EB13D2}.Release|x64.Build.0 = Release|Any CPU
		{40EA03F7-8A22-4143-B251-79BAC3EB13D2}.Release|x86.ActiveCfg = Release|Any CPU
		{40EA03F7-8A22-4143-B251-79BAC3EB13D2}.Release|x86.Build.0 = Release|Any CPU
		{D859F4B3-F5ED-4292-83EE-83CB7F13C68F}.Debug|Any CPU.ActiveCfg = Debug|iPhoneSimulator
		{D859F4B3-F5ED-4292-83EE-83CB7F13C68F}.Debug|Any CPU.Build.0 = Debug|iPhoneSimulator
		{D859F4B3-F5ED-4292-83EE-83CB7F13C68F}.Debug|ARM.ActiveCfg = Debug|iPhoneSimulator
		{D859F4B3-F5ED-4292-83EE-83CB7F13C68F}.Debug|ARM64.ActiveCfg = Debug|iPhoneSimulator
		{D859F4B3-F5ED-4292-83EE-83CB7F13C68F}.Debug|iPhone.ActiveCfg = Debug|iPhoneSimulator
		{D859F4B3-F5ED-4292-83EE-83CB7F13C68F}.Debug|iPhone.Build.0 = Debug|iPhoneSimulator
		{D859F4B3-F5ED-4292-83EE-83CB7F13C68F}.Debug|iPhoneSimulator.ActiveCfg = Debug|iPhoneSimulator
		{D859F4B3-F5ED-4292-83EE-83CB7F13C68F}.Debug|iPhoneSimulator.Build.0 = Debug|iPhoneSimulator
		{D859F4B3-F5ED-4292-83EE-83CB7F13C68F}.Debug|x64.ActiveCfg = Debug|iPhoneSimulator
		{D859F4B3-F5ED-4292-83EE-83CB7F13C68F}.Debug|x64.Build.0 = Debug|iPhoneSimulator
		{D859F4B3-F5ED-4292-83EE-83CB7F13C68F}.Debug|x86.ActiveCfg = Debug|iPhoneSimulator
		{D859F4B3-F5ED-4292-83EE-83CB7F13C68F}.Debug|x86.Build.0 = Debug|iPhoneSimulator
		{D859F4B3-F5ED-4292-83EE-83CB7F13C68F}.Release|Any CPU.ActiveCfg = Release|iPhoneSimulator
		{D859F4B3-F5ED-4292-83EE-83CB7F13C68F}.Release|ARM.ActiveCfg = Release|iPhoneSimulator
		{D859F4B3-F5ED-4292-83EE-83CB7F13C68F}.Release|ARM64.ActiveCfg = Release|iPhoneSimulator
		{D859F4B3-F5ED-4292-83EE-83CB7F13C68F}.Release|iPhone.ActiveCfg = Release|iPhoneSimulator
		{D859F4B3-F5ED-4292-83EE-83CB7F13C68F}.Release|iPhone.Build.0 = Release|iPhoneSimulator
		{D859F4B3-F5ED-4292-83EE-83CB7F13C68F}.Release|iPhoneSimulator.ActiveCfg = Release|iPhoneSimulator
		{D859F4B3-F5ED-4292-83EE-83CB7F13C68F}.Release|iPhoneSimulator.Build.0 = Release|iPhoneSimulator
		{D859F4B3-F5ED-4292-83EE-83CB7F13C68F}.Release|x64.ActiveCfg = Release|iPhoneSimulator
		{D859F4B3-F5ED-4292-83EE-83CB7F13C68F}.Release|x64.Build.0 = Release|iPhoneSimulator
		{D859F4B3-F5ED-4292-83EE-83CB7F13C68F}.Release|x86.ActiveCfg = Release|iPhoneSimulator
		{D859F4B3-F5ED-4292-83EE-83CB7F13C68F}.Release|x86.Build.0 = Release|iPhoneSimulator
		{A5B8155A-118F-4794-B551-C6F3CF7E5411}.Debug|Any CPU.ActiveCfg = Debug|Any CPU
		{A5B8155A-118F-4794-B551-C6F3CF7E5411}.Debug|Any CPU.Build.0 = Debug|Any CPU
		{A5B8155A-118F-4794-B551-C6F3CF7E5411}.Debug|ARM.ActiveCfg = Debug|Any CPU
		{A5B8155A-118F-4794-B551-C6F3CF7E5411}.Debug|ARM.Build.0 = Debug|Any CPU
		{A5B8155A-118F-4794-B551-C6F3CF7E5411}.Debug|ARM64.ActiveCfg = Debug|Any CPU
		{A5B8155A-118F-4794-B551-C6F3CF7E5411}.Debug|ARM64.Build.0 = Debug|Any CPU
		{A5B8155A-118F-4794-B551-C6F3CF7E5411}.Debug|iPhone.ActiveCfg = Debug|Any CPU
		{A5B8155A-118F-4794-B551-C6F3CF7E5411}.Debug|iPhone.Build.0 = Debug|Any CPU
		{A5B8155A-118F-4794-B551-C6F3CF7E5411}.Debug|iPhoneSimulator.ActiveCfg = Debug|Any CPU
		{A5B8155A-118F-4794-B551-C6F3CF7E5411}.Debug|iPhoneSimulator.Build.0 = Debug|Any CPU
		{A5B8155A-118F-4794-B551-C6F3CF7E5411}.Debug|x64.ActiveCfg = Debug|Any CPU
		{A5B8155A-118F-4794-B551-C6F3CF7E5411}.Debug|x64.Build.0 = Debug|Any CPU
		{A5B8155A-118F-4794-B551-C6F3CF7E5411}.Debug|x86.ActiveCfg = Debug|Any CPU
		{A5B8155A-118F-4794-B551-C6F3CF7E5411}.Debug|x86.Build.0 = Debug|Any CPU
		{A5B8155A-118F-4794-B551-C6F3CF7E5411}.Release|Any CPU.ActiveCfg = Release|Any CPU
		{A5B8155A-118F-4794-B551-C6F3CF7E5411}.Release|Any CPU.Build.0 = Release|Any CPU
		{A5B8155A-118F-4794-B551-C6F3CF7E5411}.Release|ARM.ActiveCfg = Release|Any CPU
		{A5B8155A-118F-4794-B551-C6F3CF7E5411}.Release|ARM.Build.0 = Release|Any CPU
		{A5B8155A-118F-4794-B551-C6F3CF7E5411}.Release|ARM64.ActiveCfg = Release|Any CPU
		{A5B8155A-118F-4794-B551-C6F3CF7E5411}.Release|ARM64.Build.0 = Release|Any CPU
		{A5B8155A-118F-4794-B551-C6F3CF7E5411}.Release|iPhone.ActiveCfg = Release|Any CPU
		{A5B8155A-118F-4794-B551-C6F3CF7E5411}.Release|iPhone.Build.0 = Release|Any CPU
		{A5B8155A-118F-4794-B551-C6F3CF7E5411}.Release|iPhoneSimulator.ActiveCfg = Release|Any CPU
		{A5B8155A-118F-4794-B551-C6F3CF7E5411}.Release|iPhoneSimulator.Build.0 = Release|Any CPU
		{A5B8155A-118F-4794-B551-C6F3CF7E5411}.Release|x64.ActiveCfg = Release|Any CPU
		{A5B8155A-118F-4794-B551-C6F3CF7E5411}.Release|x64.Build.0 = Release|Any CPU
		{A5B8155A-118F-4794-B551-C6F3CF7E5411}.Release|x86.ActiveCfg = Release|Any CPU
		{A5B8155A-118F-4794-B551-C6F3CF7E5411}.Release|x86.Build.0 = Release|Any CPU
		{641CB148-FB7B-4C23-B954-6DED5644916E}.Debug|Any CPU.ActiveCfg = Debug|Any CPU
		{641CB148-FB7B-4C23-B954-6DED5644916E}.Debug|Any CPU.Build.0 = Debug|Any CPU
		{641CB148-FB7B-4C23-B954-6DED5644916E}.Debug|Any CPU.Deploy.0 = Debug|Any CPU
		{641CB148-FB7B-4C23-B954-6DED5644916E}.Debug|ARM.ActiveCfg = Debug|Any CPU
		{641CB148-FB7B-4C23-B954-6DED5644916E}.Debug|ARM.Build.0 = Debug|Any CPU
		{641CB148-FB7B-4C23-B954-6DED5644916E}.Debug|ARM.Deploy.0 = Debug|Any CPU
		{641CB148-FB7B-4C23-B954-6DED5644916E}.Debug|ARM64.ActiveCfg = Debug|Any CPU
		{641CB148-FB7B-4C23-B954-6DED5644916E}.Debug|ARM64.Build.0 = Debug|Any CPU
		{641CB148-FB7B-4C23-B954-6DED5644916E}.Debug|ARM64.Deploy.0 = Debug|Any CPU
		{641CB148-FB7B-4C23-B954-6DED5644916E}.Debug|iPhone.ActiveCfg = Debug|Any CPU
		{641CB148-FB7B-4C23-B954-6DED5644916E}.Debug|iPhone.Build.0 = Debug|Any CPU
		{641CB148-FB7B-4C23-B954-6DED5644916E}.Debug|iPhone.Deploy.0 = Debug|Any CPU
		{641CB148-FB7B-4C23-B954-6DED5644916E}.Debug|iPhoneSimulator.ActiveCfg = Debug|Any CPU
		{641CB148-FB7B-4C23-B954-6DED5644916E}.Debug|iPhoneSimulator.Build.0 = Debug|Any CPU
		{641CB148-FB7B-4C23-B954-6DED5644916E}.Debug|iPhoneSimulator.Deploy.0 = Debug|Any CPU
		{641CB148-FB7B-4C23-B954-6DED5644916E}.Debug|x64.ActiveCfg = Debug|Any CPU
		{641CB148-FB7B-4C23-B954-6DED5644916E}.Debug|x64.Build.0 = Debug|Any CPU
		{641CB148-FB7B-4C23-B954-6DED5644916E}.Debug|x64.Deploy.0 = Debug|Any CPU
		{641CB148-FB7B-4C23-B954-6DED5644916E}.Debug|x86.ActiveCfg = Debug|Any CPU
		{641CB148-FB7B-4C23-B954-6DED5644916E}.Debug|x86.Build.0 = Debug|Any CPU
		{641CB148-FB7B-4C23-B954-6DED5644916E}.Debug|x86.Deploy.0 = Debug|Any CPU
		{641CB148-FB7B-4C23-B954-6DED5644916E}.Release|Any CPU.ActiveCfg = Release|Any CPU
		{641CB148-FB7B-4C23-B954-6DED5644916E}.Release|Any CPU.Build.0 = Release|Any CPU
		{641CB148-FB7B-4C23-B954-6DED5644916E}.Release|ARM.ActiveCfg = Release|Any CPU
		{641CB148-FB7B-4C23-B954-6DED5644916E}.Release|ARM.Build.0 = Release|Any CPU
		{641CB148-FB7B-4C23-B954-6DED5644916E}.Release|ARM.Deploy.0 = Release|Any CPU
		{641CB148-FB7B-4C23-B954-6DED5644916E}.Release|ARM64.ActiveCfg = Release|Any CPU
		{641CB148-FB7B-4C23-B954-6DED5644916E}.Release|ARM64.Build.0 = Release|Any CPU
		{641CB148-FB7B-4C23-B954-6DED5644916E}.Release|ARM64.Deploy.0 = Release|Any CPU
		{641CB148-FB7B-4C23-B954-6DED5644916E}.Release|iPhone.ActiveCfg = Release|Any CPU
		{641CB148-FB7B-4C23-B954-6DED5644916E}.Release|iPhone.Build.0 = Release|Any CPU
		{641CB148-FB7B-4C23-B954-6DED5644916E}.Release|iPhoneSimulator.ActiveCfg = Release|Any CPU
		{641CB148-FB7B-4C23-B954-6DED5644916E}.Release|iPhoneSimulator.Build.0 = Release|Any CPU
		{641CB148-FB7B-4C23-B954-6DED5644916E}.Release|iPhoneSimulator.Deploy.0 = Release|Any CPU
		{641CB148-FB7B-4C23-B954-6DED5644916E}.Release|x64.ActiveCfg = Release|Any CPU
		{641CB148-FB7B-4C23-B954-6DED5644916E}.Release|x64.Build.0 = Release|Any CPU
		{641CB148-FB7B-4C23-B954-6DED5644916E}.Release|x64.Deploy.0 = Release|Any CPU
		{641CB148-FB7B-4C23-B954-6DED5644916E}.Release|x86.ActiveCfg = Release|Any CPU
		{641CB148-FB7B-4C23-B954-6DED5644916E}.Release|x86.Build.0 = Release|Any CPU
		{641CB148-FB7B-4C23-B954-6DED5644916E}.Release|x86.Deploy.0 = Release|Any CPU
		{6CF284A4-22B1-4F05-97F4-F095C07A598E}.Debug|Any CPU.ActiveCfg = Debug|Any CPU
		{6CF284A4-22B1-4F05-97F4-F095C07A598E}.Debug|Any CPU.Build.0 = Debug|Any CPU
		{6CF284A4-22B1-4F05-97F4-F095C07A598E}.Debug|ARM.ActiveCfg = Debug|Any CPU
		{6CF284A4-22B1-4F05-97F4-F095C07A598E}.Debug|ARM.Build.0 = Debug|Any CPU
		{6CF284A4-22B1-4F05-97F4-F095C07A598E}.Debug|ARM64.ActiveCfg = Debug|Any CPU
		{6CF284A4-22B1-4F05-97F4-F095C07A598E}.Debug|ARM64.Build.0 = Debug|Any CPU
		{6CF284A4-22B1-4F05-97F4-F095C07A598E}.Debug|iPhone.ActiveCfg = Debug|Any CPU
		{6CF284A4-22B1-4F05-97F4-F095C07A598E}.Debug|iPhone.Build.0 = Debug|Any CPU
		{6CF284A4-22B1-4F05-97F4-F095C07A598E}.Debug|iPhoneSimulator.ActiveCfg = Debug|Any CPU
		{6CF284A4-22B1-4F05-97F4-F095C07A598E}.Debug|iPhoneSimulator.Build.0 = Debug|Any CPU
		{6CF284A4-22B1-4F05-97F4-F095C07A598E}.Debug|x64.ActiveCfg = Debug|Any CPU
		{6CF284A4-22B1-4F05-97F4-F095C07A598E}.Debug|x64.Build.0 = Debug|Any CPU
		{6CF284A4-22B1-4F05-97F4-F095C07A598E}.Debug|x86.ActiveCfg = Debug|Any CPU
		{6CF284A4-22B1-4F05-97F4-F095C07A598E}.Debug|x86.Build.0 = Debug|Any CPU
		{6CF284A4-22B1-4F05-97F4-F095C07A598E}.Release|Any CPU.ActiveCfg = Release|Any CPU
		{6CF284A4-22B1-4F05-97F4-F095C07A598E}.Release|Any CPU.Build.0 = Release|Any CPU
		{6CF284A4-22B1-4F05-97F4-F095C07A598E}.Release|ARM.ActiveCfg = Release|Any CPU
		{6CF284A4-22B1-4F05-97F4-F095C07A598E}.Release|ARM.Build.0 = Release|Any CPU
		{6CF284A4-22B1-4F05-97F4-F095C07A598E}.Release|ARM64.ActiveCfg = Release|Any CPU
		{6CF284A4-22B1-4F05-97F4-F095C07A598E}.Release|ARM64.Build.0 = Release|Any CPU
		{6CF284A4-22B1-4F05-97F4-F095C07A598E}.Release|iPhone.ActiveCfg = Release|Any CPU
		{6CF284A4-22B1-4F05-97F4-F095C07A598E}.Release|iPhone.Build.0 = Release|Any CPU
		{6CF284A4-22B1-4F05-97F4-F095C07A598E}.Release|iPhoneSimulator.ActiveCfg = Release|Any CPU
		{6CF284A4-22B1-4F05-97F4-F095C07A598E}.Release|iPhoneSimulator.Build.0 = Release|Any CPU
		{6CF284A4-22B1-4F05-97F4-F095C07A598E}.Release|x64.ActiveCfg = Release|Any CPU
		{6CF284A4-22B1-4F05-97F4-F095C07A598E}.Release|x64.Build.0 = Release|Any CPU
		{6CF284A4-22B1-4F05-97F4-F095C07A598E}.Release|x86.ActiveCfg = Release|Any CPU
		{6CF284A4-22B1-4F05-97F4-F095C07A598E}.Release|x86.Build.0 = Release|Any CPU
		{9AED22A6-77DC-4799-BAE7-5F26F2070BD2}.Debug|Any CPU.ActiveCfg = Debug|Any CPU
		{9AED22A6-77DC-4799-BAE7-5F26F2070BD2}.Debug|Any CPU.Build.0 = Debug|Any CPU
		{9AED22A6-77DC-4799-BAE7-5F26F2070BD2}.Debug|ARM.ActiveCfg = Debug|Any CPU
		{9AED22A6-77DC-4799-BAE7-5F26F2070BD2}.Debug|ARM.Build.0 = Debug|Any CPU
		{9AED22A6-77DC-4799-BAE7-5F26F2070BD2}.Debug|ARM64.ActiveCfg = Debug|Any CPU
		{9AED22A6-77DC-4799-BAE7-5F26F2070BD2}.Debug|ARM64.Build.0 = Debug|Any CPU
		{9AED22A6-77DC-4799-BAE7-5F26F2070BD2}.Debug|iPhone.ActiveCfg = Debug|Any CPU
		{9AED22A6-77DC-4799-BAE7-5F26F2070BD2}.Debug|iPhone.Build.0 = Debug|Any CPU
		{9AED22A6-77DC-4799-BAE7-5F26F2070BD2}.Debug|iPhoneSimulator.ActiveCfg = Debug|Any CPU
		{9AED22A6-77DC-4799-BAE7-5F26F2070BD2}.Debug|iPhoneSimulator.Build.0 = Debug|Any CPU
		{9AED22A6-77DC-4799-BAE7-5F26F2070BD2}.Debug|x64.ActiveCfg = Debug|Any CPU
		{9AED22A6-77DC-4799-BAE7-5F26F2070BD2}.Debug|x64.Build.0 = Debug|Any CPU
		{9AED22A6-77DC-4799-BAE7-5F26F2070BD2}.Debug|x86.ActiveCfg = Debug|Any CPU
		{9AED22A6-77DC-4799-BAE7-5F26F2070BD2}.Debug|x86.Build.0 = Debug|Any CPU
		{9AED22A6-77DC-4799-BAE7-5F26F2070BD2}.Release|Any CPU.ActiveCfg = Release|Any CPU
		{9AED22A6-77DC-4799-BAE7-5F26F2070BD2}.Release|Any CPU.Build.0 = Release|Any CPU
		{9AED22A6-77DC-4799-BAE7-5F26F2070BD2}.Release|ARM.ActiveCfg = Release|Any CPU
		{9AED22A6-77DC-4799-BAE7-5F26F2070BD2}.Release|ARM.Build.0 = Release|Any CPU
		{9AED22A6-77DC-4799-BAE7-5F26F2070BD2}.Release|ARM64.ActiveCfg = Release|Any CPU
		{9AED22A6-77DC-4799-BAE7-5F26F2070BD2}.Release|ARM64.Build.0 = Release|Any CPU
		{9AED22A6-77DC-4799-BAE7-5F26F2070BD2}.Release|iPhone.ActiveCfg = Release|Any CPU
		{9AED22A6-77DC-4799-BAE7-5F26F2070BD2}.Release|iPhone.Build.0 = Release|Any CPU
		{9AED22A6-77DC-4799-BAE7-5F26F2070BD2}.Release|iPhoneSimulator.ActiveCfg = Release|Any CPU
		{9AED22A6-77DC-4799-BAE7-5F26F2070BD2}.Release|iPhoneSimulator.Build.0 = Release|Any CPU
		{9AED22A6-77DC-4799-BAE7-5F26F2070BD2}.Release|x64.ActiveCfg = Release|Any CPU
		{9AED22A6-77DC-4799-BAE7-5F26F2070BD2}.Release|x64.Build.0 = Release|Any CPU
		{9AED22A6-77DC-4799-BAE7-5F26F2070BD2}.Release|x86.ActiveCfg = Release|Any CPU
		{9AED22A6-77DC-4799-BAE7-5F26F2070BD2}.Release|x86.Build.0 = Release|Any CPU
	EndGlobalSection
	GlobalSection(SolutionProperties) = preSolution
		HideSolutionNode = FALSE
	EndGlobalSection
	GlobalSection(ExtensibilityGlobals) = postSolution
		SolutionGuid = {C7433AE2-B1A0-4C1A-887E-5CAA7AAF67A6}
	EndGlobalSection
EndGlobal
